
Microsoft Visual Studio Solution File, Format Version 12.00
# Visual Studio Version 16
VisualStudioVersion = 16.0.29001.49
MinimumVisualStudioVersion = 10.0.40219.1
Project("{FAE04EC0-301F-11D3-BF4B-00C04F79EFBC}") = "Part 1", "Part 1\Part 1.csproj", "{70CFB9F2-F5E5-4576-8538-E406157C6DEA}"
EndProject
Global
	GlobalSection(SolutionConfigurationPlatforms) = preSolution
		Debug|Any CPU = Debug|Any CPU
		Release|Any CPU = Release|Any CPU
	EndGlobalSection
	GlobalSection(ProjectConfigurationPlatforms) = postSolution
		{70CFB9F2-F5E5-4576-8538-E406157C6DEA}.Debug|Any CPU.ActiveCfg = Debug|Any CPU
		{70CFB9F2-F5E5-4576-8538-E406157C6DEA}.Debug|Any CPU.Build.0 = Debug|Any CPU
		{70CFB9F2-F5E5-4576-8538-E406157C6DEA}.Release|Any CPU.ActiveCfg = Release|Any CPU
		{70CFB9F2-F5E5-4576-8538-E406157C6DEA}.Release|Any CPU.Build.0 = Release|Any CPU
	EndGlobalSection
	GlobalSection(SolutionProperties) = preSolution
		HideSolutionNode = FALSE
	EndGlobalSection
	GlobalSection(ExtensibilityGlobals) = postSolution
		SolutionGuid = {4C717563-74D1-45B0-A360-358FCEBC2108}
	EndGlobalSection
EndGlobal
